# This file is generated by running "yarn install" inside your project.
# Manual changes might be lost - proceed with caution!

__metadata:
  version: 6

"custom-theme@workspace:web/themes/custom/custom-theme":
  version: 0.0.0-use.local
  resolution: "custom-theme@workspace:web/themes/custom/custom-theme"
  languageName: unknown
  linkType: soft

"drupal@workspace:.":
  version: 0.0.0-use.local
  resolution: "drupal@workspace:."
  languageName: unknown
  linkType: soft
